lockfileVersion: '9.0'

settings:
  autoInstallPeers: true
  excludeLinksFromLockfile: false

catalogs:
  default:
    '@tsconfig/node24':
      specifier: ^24.0.2
      version: 24.0.2
    '@types/node':
      specifier: ^24.0.0
      version: 24.10.1
    json-2-csv:
      specifier: ^5.5.6
      version: 5.5.10
    typescript:
      specifier: ^5.7.2
      version: 5.9.3

importers:

  .:
    devDependencies:
      typescript:
        specifier: 'catalog:'
        version: 5.9.3

  packages/exicon-to-csv:
    dependencies:
      json-2-csv:
        specifier: 'catalog:'
        version: 5.5.10
    devDependencies:
      '@tsconfig/node24':
        specifier: 'catalog:'
        version: 24.0.2
      '@types/node':
        specifier: 'catalog:'
        version: 24.10.1
      typescript:
        specifier: 'catalog:'
        version: 5.9.3

packages:

  '@tsconfig/node24@24.0.2':
    resolution: {integrity: sha512-CNeOLUPI9PjbBc1DSIqb3GF/u+3kX/TDe9DKCzoI62mYI4dEDrMQ0r/9+SfYACP4UNMbiTlz7n8H7Rx/xTisQg==}

  '@types/node@24.10.1':
    resolution: {integrity: sha512-GNWcUTRBgIRJD5zj+Tq0fKOJ5XZajIiBroOF0yvj2bSU1WvNdYS/dn9UxwsujGW4JX06dnHyjV2y9rRaybH0iQ==}

  deeks@3.1.0:
    resolution: {integrity: sha512-e7oWH1LzIdv/prMQ7pmlDlaVoL64glqzvNgkgQNgyec9ORPHrT2jaOqMtRyqJuwWjtfb6v+2rk9pmaHj+F137A==}
    engines: {node: '>= 16'}

  doc-path@4.1.1:
    resolution: {integrity: sha512-h1ErTglQAVv2gCnOpD3sFS6uolDbOKHDU1BZq+Kl3npPqroU3dYL42lUgMfd5UimlwtRgp7C9dLGwqQ5D2HYgQ==}
    engines: {node: '>=16'}

  json-2-csv@5.5.10:
    resolution: {integrity: sha512-Dep8wO3Fr5wNjQevO2Z8Y7yeee/nYSGRsi7q6zJDKEVHxXkXT+v21vxHmDX923UzmCXXkSo62HaTz6eTWzFLaw==}
    engines: {node: '>= 16'}

  typescript@5.9.3:
    resolution: {integrity: sha512-jl1vZzPDinLr9eUt3J/t7V6FgNEw9QjvBPdysz9KfQDD41fQrC2Y4vKQdiaUpFT4bXlb1RHhLpp8wtm6M5TgSw==}
    engines: {node: '>=14.17'}
    hasBin: true

  undici-types@7.16.0:
    resolution: {integrity: sha512-Zz+aZWSj8LE6zoxD+xrjh4VfkIG8Ya6LvYkZqtUQGJPZjYl53ypCaUwWqo7eI0x66KBGeRo+mlBEkMSeSZ38Nw==}

snapshots:

  '@tsconfig/node24@24.0.2': {}

  '@types/node@24.10.1':
    dependencies:
      undici-types: 7.16.0

  deeks@3.1.0: {}

  doc-path@4.1.1: {}

  json-2-csv@5.5.10:
    dependencies:
      deeks: 3.1.0
      doc-path: 4.1.1

  typescript@5.9.3: {}

  undici-types@7.16.0: {}
